// !$*UTF8*$!
{
	archiveVersion = 1;
	classes = {
	};
	objectVersion = 56;
	objects = {

/* Begin PBXBuildFile section */
		4E37FC44297D5263004CFFFD /* TaskApp.swift in Sources */ = {isa = PBXBuildFile; fileRef = 4E37FC43297D5263004CFFFD /* TaskApp.swift */; };
		4E37FC46297D5263004CFFFD /* Persistence.swift in Sources */ = {isa = PBXBuildFile; fileRef = 4E37FC45297D5263004CFFFD /* Persistence.swift */; };
		4E37FC49297D5263004CFFFD /* Task.xcdatamodeld in Sources */ = {isa = PBXBuildFile; fileRef = 4E37FC47297D5263004CFFFD /* Task.xcdatamodeld */; };
		4E37FC4B297D5263004CFFFD /* ContentView.swift in Sources */ = {isa = PBXBuildFile; fileRef = 4E37FC4A297D5263004CFFFD /* ContentView.swift */; };
		4E37FC4D297D5265004CFFFD /* Assets.xcassets in Resources */ = {isa = PBXBuildFile; fileRef = 4E37FC4C297D5265004CFFFD /* Assets.xcassets */; };
		4E37FC51297D5265004CFFFD /* Preview Assets.xcassets in Resources */ = {isa = PBXBuildFile; fileRef = 4E37FC50297D5265004CFFFD /* Preview Assets.xcassets */; };
		4E37FC5B297D5265004CFFFD /* TaskTests.swift in Sources */ = {isa = PBXBuildFile; fileRef = 4E37FC5A297D5265004CFFFD /* TaskTests.swift */; };
		4E37FC65297D5266004CFFFD /* TaskUITests.swift in Sources */ = {isa = PBXBuildFile; fileRef = 4E37FC64297D5266004CFFFD /* TaskUITests.swift */; };
		4E37FC67297D5266004CFFFD /* TaskUITestsLaunchTests.swift in Sources */ = {isa = PBXBuildFile; fileRef = 4E37FC66297D5266004CFFFD /* TaskUITestsLaunchTests.swift */; };
		4E37FC74297D52CD004CFFFD /* PostsScene.swift in Sources */ = {isa = PBXBuildFile; fileRef = 4E37FC73297D52CD004CFFFD /* PostsScene.swift */; };
		4E37FC7B297D53D8004CFFFD /* PostModel.swift in Sources */ = {isa = PBXBuildFile; fileRef = 4E37FC7A297D53D8004CFFFD /* PostModel.swift */; };
		4E37FC7D297D5446004CFFFD /* PostsViewModel.swift in Sources */ = {isa = PBXBuildFile; fileRef = 4E37FC7C297D5446004CFFFD /* PostsViewModel.swift */; };
		4E37FC7F297D554A004CFFFD /* Network Services.swift in Sources */ = {isa = PBXBuildFile; fileRef = 4E37FC7E297D554A004CFFFD /* Network Services.swift */; };
		4EA7C17D297D5B7C00C42FAC /* PostRowView.swift in Sources */ = {isa = PBXBuildFile; fileRef = 4EA7C17C297D5B7C00C42FAC /* PostRowView.swift */; };
		4EA7C17F297D5E5D00C42FAC /* Reachability.swift in Sources */ = {isa = PBXBuildFile; fileRef = 4EA7C17E297D5E5D00C42FAC /* Reachability.swift */; };
		4EA7C181297D601200C42FAC /* PostCommentsModel.swift in Sources */ = {isa = PBXBuildFile; fileRef = 4EA7C180297D601200C42FAC /* PostCommentsModel.swift */; };
		4EA7C183297D604400C42FAC /* PostCommentScene.swift in Sources */ = {isa = PBXBuildFile; fileRef = 4EA7C182297D604400C42FAC /* PostCommentScene.swift */; };
		4EA7C185297D609300C42FAC /* PostCommentRow.swift in Sources */ = {isa = PBXBuildFile; fileRef = 4EA7C184297D609300C42FAC /* PostCommentRow.swift */; };
		4EA7C188297D60ED00C42FAC /* Extensions.swift in Sources */ = {isa = PBXBuildFile; fileRef = 4EA7C187297D60ED00C42FAC /* Extensions.swift */; };
		4EA7C18B297D660500C42FAC /* FavoriteScene.swift in Sources */ = {isa = PBXBuildFile; fileRef = 4EA7C18A297D660500C42FAC /* FavoriteScene.swift */; };
		4EA7C18D297D663800C42FAC /* FavoriteViewModel.swift in Sources */ = {isa = PBXBuildFile; fileRef = 4EA7C18C297D663800C42FAC /* FavoriteViewModel.swift */; };
		4EA7C190297D66CE00C42FAC /* SHomeTabBar.swift in Sources */ = {isa = PBXBuildFile; fileRef = 4EA7C18F297D66CE00C42FAC /* SHomeTabBar.swift */; };
		4EA7C192297D673D00C42FAC /* TabBar.swift in Sources */ = {isa = PBXBuildFile; fileRef = 4EA7C191297D673D00C42FAC /* TabBar.swift */; };
		4EEB9D73297D7C3200C84598 /* FavoriteRowView.swift in Sources */ = {isa = PBXBuildFile; fileRef = 4EEB9D72297D7C3200C84598 /* FavoriteRowView.swift */; };
/* End PBXBuildFile section */

/* Begin PBXContainerItemProxy section */
		4E37FC57297D5265004CFFFD /* PBXContainerItemProxy */ = {
			isa = PBXContainerItemProxy;
			containerPortal = 4E37FC38297D5263004CFFFD /* Project object */;
			proxyType = 1;
			remoteGlobalIDString = 4E37FC3F297D5263004CFFFD;
			remoteInfo = Task;
		};
		4E37FC61297D5266004CFFFD /* PBXContainerItemProxy */ = {
			isa = PBXContainerItemProxy;
			containerPortal = 4E37FC38297D5263004CFFFD /* Project object */;
			proxyType = 1;
			remoteGlobalIDString = 4E37FC3F297D5263004CFFFD;
			remoteInfo = Task;
		};
/* End PBXContainerItemProxy section */

/* Begin PBXFileReference section */
		4E37FC40297D5263004CFFFD /* Task.app */ = {isa = PBXFileReference; explicitFileType = wrapper.application; includeInIndex = 0; path = Task.app; sourceTree = BUILT_PRODUCTS_DIR; };
		4E37FC43297D5263004CFFFD /* TaskApp.swift */ = {isa = PBXFileReference; lastKnownFileType = sourcecode.swift; path = TaskApp.swift; sourceTree = "<group>"; };
		4E37FC45297D5263004CFFFD /* Persistence.swift */ = {isa = PBXFileReference; lastKnownFileType = sourcecode.swift; path = Persistence.swift; sourceTree = "<group>"; };
		4E37FC48297D5263004CFFFD /* Task.xcdatamodel */ = {isa = PBXFileReference; lastKnownFileType = wrapper.xcdatamodel; path = Task.xcdatamodel; sourceTree = "<group>"; };
		4E37FC4A297D5263004CFFFD /* ContentView.swift */ = {isa = PBXFileReference; lastKnownFileType = sourcecode.swift; path = ContentView.swift; sourceTree = "<group>"; };
		4E37FC4C297D5265004CFFFD /* Assets.xcassets */ = {isa = PBXFileReference; lastKnownFileType = folder.assetcatalog; path = Assets.xcassets; sourceTree = "<group>"; };
		4E37FC4E297D5265004CFFFD /* Task.entitlements */ = {isa = PBXFileReference; lastKnownFileType = text.plist.entitlements; path = Task.entitlements; sourceTree = "<group>"; };
		4E37FC50297D5265004CFFFD /* Preview Assets.xcassets */ = {isa = PBXFileReference; lastKnownFileType = folder.assetcatalog; path = "Preview Assets.xcassets"; sourceTree = "<group>"; };
		4E37FC56297D5265004CFFFD /* TaskTests.xctest */ = {isa = PBXFileReference; explicitFileType = wrapper.cfbundle; includeInIndex = 0; path = TaskTests.xctest; sourceTree = BUILT_PRODUCTS_DIR; };
		4E37FC5A297D5265004CFFFD /* TaskTests.swift */ = {isa = PBXFileReference; lastKnownFileType = sourcecode.swift; path = TaskTests.swift; sourceTree = "<group>"; };
		4E37FC60297D5266004CFFFD /* TaskUITests.xctest */ = {isa = PBXFileReference; explicitFileType = wrapper.cfbundle; includeInIndex = 0; path = TaskUITests.xctest; sourceTree = BUILT_PRODUCTS_DIR; };
		4E37FC64297D5266004CFFFD /* TaskUITests.swift */ = {isa = PBXFileReference; lastKnownFileType = sourcecode.swift; path = TaskUITests.swift; sourceTree = "<group>"; };
		4E37FC66297D5266004CFFFD /* TaskUITestsLaunchTests.swift */ = {isa = PBXFileReference; lastKnownFileType = sourcecode.swift; path = TaskUITestsLaunchTests.swift; sourceTree = "<group>"; };
		4E37FC73297D52CD004CFFFD /* PostsScene.swift */ = {isa = PBXFileReference; lastKnownFileType = sourcecode.swift; path = PostsScene.swift; sourceTree = "<group>"; };
		4E37FC7A297D53D8004CFFFD /* PostModel.swift */ = {isa = PBXFileReference; lastKnownFileType = sourcecode.swift; path = PostModel.swift; sourceTree = "<group>"; };
		4E37FC7C297D5446004CFFFD /* PostsViewModel.swift */ = {isa = PBXFileReference; lastKnownFileType = sourcecode.swift; path = PostsViewModel.swift; sourceTree = "<group>"; };
		4E37FC7E297D554A004CFFFD /* Network Services.swift */ = {isa = PBXFileReference; lastKnownFileType = sourcecode.swift; path = "Network Services.swift"; sourceTree = "<group>"; };
		4EA7C17C297D5B7C00C42FAC /* PostRowView.swift */ = {isa = PBXFileReference; lastKnownFileType = sourcecode.swift; path = PostRowView.swift; sourceTree = "<group>"; };
		4EA7C17E297D5E5D00C42FAC /* Reachability.swift */ = {isa = PBXFileReference; lastKnownFileType = sourcecode.swift; path = Reachability.swift; sourceTree = "<group>"; };
		4EA7C180297D601200C42FAC /* PostCommentsModel.swift */ = {isa = PBXFileReference; lastKnownFileType = sourcecode.swift; path = PostCommentsModel.swift; sourceTree = "<group>"; };
		4EA7C182297D604400C42FAC /* PostCommentScene.swift */ = {isa = PBXFileReference; lastKnownFileType = sourcecode.swift; path = PostCommentScene.swift; sourceTree = "<group>"; };
		4EA7C184297D609300C42FAC /* PostCommentRow.swift */ = {isa = PBXFileReference; lastKnownFileType = sourcecode.swift; path = PostCommentRow.swift; sourceTree = "<group>"; };
		4EA7C187297D60ED00C42FAC /* Extensions.swift */ = {isa = PBXFileReference; lastKnownFileType = sourcecode.swift; path = Extensions.swift; sourceTree = "<group>"; };
		4EA7C18A297D660500C42FAC /* FavoriteScene.swift */ = {isa = PBXFileReference; lastKnownFileType = sourcecode.swift; path = FavoriteScene.swift; sourceTree = "<group>"; };
		4EA7C18C297D663800C42FAC /* FavoriteViewModel.swift */ = {isa = PBXFileReference; lastKnownFileType = sourcecode.swift; path = FavoriteViewModel.swift; sourceTree = "<group>"; };
		4EA7C18F297D66CE00C42FAC /* SHomeTabBar.swift */ = {isa = PBXFileReference; lastKnownFileType = sourcecode.swift; path = SHomeTabBar.swift; sourceTree = "<group>"; };
		4EA7C191297D673D00C42FAC /* TabBar.swift */ = {isa = PBXFileReference; fileEncoding = 4; lastKnownFileType = sourcecode.swift; path = TabBar.swift; sourceTree = "<group>"; };
		4EEB9D72297D7C3200C84598 /* FavoriteRowView.swift */ = {isa = PBXFileReference; lastKnownFileType = sourcecode.swift; path = FavoriteRowView.swift; sourceTree = "<group>"; };
/* End PBXFileReference section */

/* Begin PBXFrameworksBuildPhase section */
		4E37FC3D297D5263004CFFFD /* Frameworks */ = {
			isa = PBXFrameworksBuildPhase;
			buildActionMask = 2147483647;
			files = (
			);
			runOnlyForDeploymentPostprocessing = 0;
		};
		4E37FC53297D5265004CFFFD /* Frameworks */ = {
			isa = PBXFrameworksBuildPhase;
			buildActionMask = 2147483647;
			files = (
			);
			runOnlyForDeploymentPostprocessing = 0;
		};
		4E37FC5D297D5266004CFFFD /* Frameworks */ = {
			isa = PBXFrameworksBuildPhase;
			buildActionMask = 2147483647;
			files = (
			);
			runOnlyForDeploymentPostprocessing = 0;
		};
/* End PBXFrameworksBuildPhase section */

/* Begin PBXGroup section */
		4E37FC37297D5263004CFFFD = {
			isa = PBXGroup;
			children = (
				4E37FC42297D5263004CFFFD /* Task */,
				4E37FC59297D5265004CFFFD /* TaskTests */,
				4E37FC63297D5266004CFFFD /* TaskUITests */,
				4E37FC41297D5263004CFFFD /* Products */,
			);
			sourceTree = "<group>";
		};
		4E37FC41297D5263004CFFFD /* Products */ = {
			isa = PBXGroup;
			children = (
				4E37FC40297D5263004CFFFD /* Task.app */,
				4E37FC56297D5265004CFFFD /* TaskTests.xctest */,
				4E37FC60297D5266004CFFFD /* TaskUITests.xctest */,
			);
			name = Products;
			sourceTree = "<group>";
		};
		4E37FC42297D5263004CFFFD /* Task */ = {
			isa = PBXGroup;
			children = (
				4E37FC43297D5263004CFFFD /* TaskApp.swift */,
				4E37FC45297D5263004CFFFD /* Persistence.swift */,
				4E37FC4A297D5263004CFFFD /* ContentView.swift */,
				4EA7C186297D60D600C42FAC /* helpers */,
				4E37FC79297D536A004CFFFD /* viewmodel */,
				4E37FC78297D5367004CFFFD /* model */,
				4E37FC77297D5348004CFFFD /* network */,
				4EA7C17B297D5B6900C42FAC /* view */,
				4E37FC76297D532B004CFFFD /* scene */,
				4E37FC75297D5323004CFFFD /* New Group */,
				4E37FC4C297D5265004CFFFD /* Assets.xcassets */,
				4E37FC4E297D5265004CFFFD /* Task.entitlements */,
				4E37FC47297D5263004CFFFD /* Task.xcdatamodeld */,
				4E37FC4F297D5265004CFFFD /* Preview Content */,
			);
			path = Task;
			sourceTree = "<group>";
		};
		4E37FC4F297D5265004CFFFD /* Preview Content */ = {
			isa = PBXGroup;
			children = (
				4E37FC50297D5265004CFFFD /* Preview Assets.xcassets */,
			);
			path = "Preview Content";
			sourceTree = "<group>";
		};
		4E37FC59297D5265004CFFFD /* TaskTests */ = {
			isa = PBXGroup;
			children = (
				4E37FC5A297D5265004CFFFD /* TaskTests.swift */,
			);
			path = TaskTests;
			sourceTree = "<group>";
		};
		4E37FC63297D5266004CFFFD /* TaskUITests */ = {
			isa = PBXGroup;
			children = (
				4E37FC64297D5266004CFFFD /* TaskUITests.swift */,
				4E37FC66297D5266004CFFFD /* TaskUITestsLaunchTests.swift */,
			);
			path = TaskUITests;
			sourceTree = "<group>";
		};
		4E37FC75297D5323004CFFFD /* New Group */ = {
			isa = PBXGroup;
			children = (
			);
			path = "New Group";
			sourceTree = "<group>";
		};
		4E37FC76297D532B004CFFFD /* scene */ = {
			isa = PBXGroup;
			children = (
				4EA7C18E297D66C200C42FAC /* tab bar */,
				4EA7C189297D65FA00C42FAC /* favorite */,
				4EEB9D71297D781B00C84598 /* posts */,
			);
			path = scene;
			sourceTree = "<group>";
		};
		4E37FC77297D5348004CFFFD /* network */ = {
			isa = PBXGroup;
			children = (
				4E37FC7E297D554A004CFFFD /* Network Services.swift */,
				4EA7C17E297D5E5D00C42FAC /* Reachability.swift */,
			);
			path = network;
			sourceTree = "<group>";
		};
		4E37FC78297D5367004CFFFD /* model */ = {
			isa = PBXGroup;
			children = (
				4E37FC7A297D53D8004CFFFD /* PostModel.swift */,
				4EA7C180297D601200C42FAC /* PostCommentsModel.swift */,
			);
			path = model;
			sourceTree = "<group>";
		};
		4E37FC79297D536A004CFFFD /* viewmodel */ = {
			isa = PBXGroup;
			children = (
				4E37FC7C297D5446004CFFFD /* PostsViewModel.swift */,
				4EA7C18C297D663800C42FAC /* FavoriteViewModel.swift */,
			);
			path = viewmodel;
			sourceTree = "<group>";
		};
		4EA7C17B297D5B6900C42FAC /* view */ = {
			isa = PBXGroup;
			children = (
				4EA7C17C297D5B7C00C42FAC /* PostRowView.swift */,
				4EA7C184297D609300C42FAC /* PostCommentRow.swift */,
				4EEB9D72297D7C3200C84598 /* FavoriteRowView.swift */,
			);
			path = view;
			sourceTree = "<group>";
		};
		4EA7C186297D60D600C42FAC /* helpers */ = {
			isa = PBXGroup;
			children = (
				4EA7C187297D60ED00C42FAC /* Extensions.swift */,
			);
			path = helpers;
			sourceTree = "<group>";
		};
		4EA7C189297D65FA00C42FAC /* favorite */ = {
			isa = PBXGroup;
			children = (
				4EA7C18A297D660500C42FAC /* FavoriteScene.swift */,
			);
			path = favorite;
			sourceTree = "<group>";
		};
		4EA7C18E297D66C200C42FAC /* tab bar */ = {
			isa = PBXGroup;
			children = (
				4EA7C18F297D66CE00C42FAC /* SHomeTabBar.swift */,
				4EA7C191297D673D00C42FAC /* TabBar.swift */,
			);
			path = "tab bar";
			sourceTree = "<group>";
		};
		4EEB9D71297D781B00C84598 /* posts */ = {
			isa = PBXGroup;
			children = (
				4E37FC73297D52CD004CFFFD /* PostsScene.swift */,
				4EA7C182297D604400C42FAC /* PostCommentScene.swift */,
			);
			path = posts;
			sourceTree = "<group>";
		};
/* End PBXGroup section */

/* Begin PBXNativeTarget section */
		4E37FC3F297D5263004CFFFD /* Task */ = {
			isa = PBXNativeTarget;
			buildConfigurationList = 4E37FC6A297D5266004CFFFD /* Build configuration list for PBXNativeTarget "Task" */;
			buildPhases = (
				4E37FC3C297D5263004CFFFD /* Sources */,
				4E37FC3D297D5263004CFFFD /* Frameworks */,
				4E37FC3E297D5263004CFFFD /* Resources */,
			);
			buildRules = (
			);
			dependencies = (
			);
			name = Task;
			productName = Task;
			productReference = 4E37FC40297D5263004CFFFD /* Task.app */;
			productType = "com.apple.product-type.application";
		};
		4E37FC55297D5265004CFFFD /* TaskTests */ = {
			isa = PBXNativeTarget;
			buildConfigurationList = 4E37FC6D297D5266004CFFFD /* Build configuration list for PBXNativeTarget "TaskTests" */;
			buildPhases = (
				4E37FC52297D5265004CFFFD /* Sources */,
				4E37FC53297D5265004CFFFD /* Frameworks */,
				4E37FC54297D5265004CFFFD /* Resources */,
			);
			buildRules = (
			);
			dependencies = (
				4E37FC58297D5265004CFFFD /* PBXTargetDependency */,
			);
			name = TaskTests;
			productName = TaskTests;
			productReference = 4E37FC56297D5265004CFFFD /* TaskTests.xctest */;
			productType = "com.apple.product-type.bundle.unit-test";
		};
		4E37FC5F297D5266004CFFFD /* TaskUITests */ = {
			isa = PBXNativeTarget;
			buildConfigurationList = 4E37FC70297D5266004CFFFD /* Build configuration list for PBXNativeTarget "TaskUITests" */;
			buildPhases = (
				4E37FC5C297D5266004CFFFD /* Sources */,
				4E37FC5D297D5266004CFFFD /* Frameworks */,
				4E37FC5E297D5266004CFFFD /* Resources */,
			);
			buildRules = (
			);
			dependencies = (
				4E37FC62297D5266004CFFFD /* PBXTargetDependency */,
			);
			name = TaskUITests;
			productName = TaskUITests;
			productReference = 4E37FC60297D5266004CFFFD /* TaskUITests.xctest */;
			productType = "com.apple.product-type.bundle.ui-testing";
		};
/* End PBXNativeTarget section */

/* Begin PBXProject section */
		4E37FC38297D5263004CFFFD /* Project object */ = {
			isa = PBXProject;
			attributes = {
				BuildIndependentTargetsInParallel = 1;
				LastSwiftUpdateCheck = 1400;
				LastUpgradeCheck = 1400;
				TargetAttributes = {
					4E37FC3F297D5263004CFFFD = {
						CreatedOnToolsVersion = 14.0.1;
					};
					4E37FC55297D5265004CFFFD = {
						CreatedOnToolsVersion = 14.0.1;
						TestTargetID = 4E37FC3F297D5263004CFFFD;
					};
					4E37FC5F297D5266004CFFFD = {
						CreatedOnToolsVersion = 14.0.1;
						TestTargetID = 4E37FC3F297D5263004CFFFD;
					};
				};
			};
			buildConfigurationList = 4E37FC3B297D5263004CFFFD /* Build configuration list for PBXProject "Task" */;
			compatibilityVersion = "Xcode 14.0";
			developmentRegion = en;
			hasScannedForEncodings = 0;
			knownRegions = (
				en,
				Base,
			);
			mainGroup = 4E37FC37297D5263004CFFFD;
			productRefGroup = 4E37FC41297D5263004CFFFD /* Products */;
			projectDirPath = "";
			projectRoot = "";
			targets = (
				4E37FC3F297D5263004CFFFD /* Task */,
				4E37FC55297D5265004CFFFD /* TaskTests */,
				4E37FC5F297D5266004CFFFD /* TaskUITests */,
			);
		};
/* End PBXProject section */

/* Begin PBXResourcesBuildPhase section */
		4E37FC3E297D5263004CFFFD /* Resources */ = {
			isa = PBXResourcesBuildPhase;
			buildActionMask = 2147483647;
			files = (
				4E37FC51297D5265004CFFFD /* Preview Assets.xcassets in Resources */,
				4E37FC4D297D5265004CFFFD /* Assets.xcassets in Resources */,
			);
			runOnlyForDeploymentPostprocessing = 0;
		};
		4E37FC54297D5265004CFFFD /* Resources */ = {
			isa = PBXResourcesBuildPhase;
			buildActionMask = 2147483647;
			files = (
			);
			runOnlyForDeploymentPostprocessing = 0;
		};
		4E37FC5E297D5266004CFFFD /* Resources */ = {
			isa = PBXResourcesBuildPhase;
			buildActionMask = 2147483647;
			files = (
			);
			runOnlyForDeploymentPostprocessing = 0;
		};
/* End PBXResourcesBuildPhase section */

/* Begin PBXSourcesBuildPhase section */
		4E37FC3C297D5263004CFFFD /* Sources */ = {
			isa = PBXSourcesBuildPhase;
			buildActionMask = 2147483647;
			files = (
				4EA7C183297D604400C42FAC /* PostCommentScene.swift in Sources */,
				4EA7C185297D609300C42FAC /* PostCommentRow.swift in Sources */,
				4E37FC49297D5263004CFFFD /* Task.xcdatamodeld in Sources */,
				4EA7C18B297D660500C42FAC /* FavoriteScene.swift in Sources */,
				4EA7C181297D601200C42FAC /* PostCommentsModel.swift in Sources */,
				4EEB9D73297D7C3200C84598 /* FavoriteRowView.swift in Sources */,
				4E37FC7B297D53D8004CFFFD /* PostModel.swift in Sources */,
				4E37FC44297D5263004CFFFD /* TaskApp.swift in Sources */,
				4E37FC74297D52CD004CFFFD /* PostsScene.swift in Sources */,
				4E37FC4B297D5263004CFFFD /* ContentView.swift in Sources */,
				4EA7C192297D673D00C42FAC /* TabBar.swift in Sources */,
				4E37FC46297D5263004CFFFD /* Persistence.swift in Sources */,
				4EA7C17D297D5B7C00C42FAC /* PostRowView.swift in Sources */,
				4E37FC7D297D5446004CFFFD /* PostsViewModel.swift in Sources */,
				4EA7C17F297D5E5D00C42FAC /* Reachability.swift in Sources */,
				4EA7C190297D66CE00C42FAC /* SHomeTabBar.swift in Sources */,
				4E37FC7F297D554A004CFFFD /* Network Services.swift in Sources */,
				4EA7C18D297D663800C42FAC /* FavoriteViewModel.swift in Sources */,
				4EA7C188297D60ED00C42FAC /* Extensions.swift in Sources */,
			);
			runOnlyForDeploymentPostprocessing = 0;
		};
		4E37FC52297D5265004CFFFD /* Sources */ = {
			isa = PBXSourcesBuildPhase;
			buildActionMask = 2147483647;
			files = (
				4E37FC5B297D5265004CFFFD /* TaskTests.swift in Sources */,
			);
			runOnlyForDeploymentPostprocessing = 0;
		};
		4E37FC5C297D5266004CFFFD /* Sources */ = {
			isa = PBXSourcesBuildPhase;
			buildActionMask = 2147483647;
			files = (
				4E37FC65297D5266004CFFFD /* TaskUITests.swift in Sources */,
				4E37FC67297D5266004CFFFD /* TaskUITestsLaunchTests.swift in Sources */,
			);
			runOnlyForDeploymentPostprocessing = 0;
		};
/* End PBXSourcesBuildPhase section */

/* Begin PBXTargetDependency section */
		4E37FC58297D5265004CFFFD /* PBXTargetDependency */ = {
			isa = PBXTargetDependency;
			target = 4E37FC3F297D5263004CFFFD /* Task */;
			targetProxy = 4E37FC57297D5265004CFFFD /* PBXContainerItemProxy */;
		};
		4E37FC62297D5266004CFFFD /* PBXTargetDependency */ = {
			isa = PBXTargetDependency;
			target = 4E37FC3F297D5263004CFFFD /* Task */;
			targetProxy = 4E37FC61297D5266004CFFFD /* PBXContainerItemProxy */;
		};
/* End PBXTargetDependency section */

/* Begin XCBuildConfiguration section */
		4E37FC68297D5266004CFFFD /* Debug */ = {
			isa = XCBuildConfiguration;
			buildSettings = {
				ALWAYS_SEARCH_USER_PATHS = NO;
				CLANG_ANALYZER_NONNULL = YES;
				CLANG_ANALYZER_NUMBER_OBJECT_CONVERSION = YES_AGGRESSIVE;
				CLANG_CXX_LANGUAGE_STANDARD = "gnu++20";
				CLANG_ENABLE_MODULES = YES;
				CLANG_ENABLE_OBJC_ARC = YES;
				CLANG_ENABLE_OBJC_WEAK = YES;
				CLANG_WARN_BLOCK_CAPTURE_AUTORELEASING = YES;
				CLANG_WARN_BOOL_CONVERSION = YES;
				CLANG_WARN_COMMA = YES;
				CLANG_WARN_CONSTANT_CONVERSION = YES;
				CLANG_WARN_DEPRECATED_OBJC_IMPLEMENTATIONS = YES;
				CLANG_WARN_DIRECT_OBJC_ISA_USAGE = YES_ERROR;
				CLANG_WARN_DOCUMENTATION_COMMENTS = YES;
				CLANG_WARN_EMPTY_BODY = YES;
				CLANG_WARN_ENUM_CONVERSION = YES;
				CLANG_WARN_INFINITE_RECURSION = YES;
				CLANG_WARN_INT_CONVERSION = YES;
				CLANG_WARN_NON_LITERAL_NULL_CONVERSION = YES;
				CLANG_WARN_OBJC_IMPLICIT_RETAIN_SELF = YES;
				CLANG_WARN_OBJC_LITERAL_CONVERSION = YES;
				CLANG_WARN_OBJC_ROOT_CLASS = YES_ERROR;
				CLANG_WARN_QUOTED_INCLUDE_IN_FRAMEWORK_HEADER = YES;
				CLANG_WARN_RANGE_LOOP_ANALYSIS = YES;
				CLANG_WARN_STRICT_PROTOTYPES = YES;
				CLANG_WARN_SUSPICIOUS_MOVE = YES;
				CLANG_WARN_UNGUARDED_AVAILABILITY = YES_AGGRESSIVE;
				CLANG_WARN_UNREACHABLE_CODE = YES;
				CLANG_WARN__DUPLICATE_METHOD_MATCH = YES;
				COPY_PHASE_STRIP = NO;
				DEBUG_INFORMATION_FORMAT = dwarf;
				ENABLE_STRICT_OBJC_MSGSEND = YES;
				ENABLE_TESTABILITY = YES;
				GCC_C_LANGUAGE_STANDARD = gnu11;
				GCC_DYNAMIC_NO_PIC = NO;
				GCC_NO_COMMON_BLOCKS = YES;
				GCC_OPTIMIZATION_LEVEL = 0;
				GCC_PREPROCESSOR_DEFINITIONS = (
					"DEBUG=1",
					"$(inherited)",
				);
				GCC_WARN_64_TO_32_BIT_CONVERSION = YES;
				GCC_WARN_ABOUT_RETURN_TYPE = YES_ERROR;
				GCC_WARN_UNDECLARED_SELECTOR = YES;
				GCC_WARN_UNINITIALIZED_AUTOS = YES_AGGRESSIVE;
				GCC_WARN_UNUSED_FUNCTION = YES;
				GCC_WARN_UNUSED_VARIABLE = YES;
				MTL_ENABLE_DEBUG_INFO = INCLUDE_SOURCE;
				MTL_FAST_MATH = YES;
				ONLY_ACTIVE_ARCH = YES;
				SWIFT_ACTIVE_COMPILATION_CONDITIONS = DEBUG;
				SWIFT_OPTIMIZATION_LEVEL = "-Onone";
			};
			name = Debug;
		};
		4E37FC69297D5266004CFFFD /* Release */ = {
			isa = XCBuildConfiguration;
			buildSettings = {
				ALWAYS_SEARCH_USER_PATHS = NO;
				CLANG_ANALYZER_NONNULL = YES;
				CLANG_ANALYZER_NUMBER_OBJECT_CONVERSION = YES_AGGRESSIVE;
				CLANG_CXX_LANGUAGE_STANDARD = "gnu++20";
				CLANG_ENABLE_MODULES = YES;
				CLANG_ENABLE_OBJC_ARC = YES;
				CLANG_ENABLE_OBJC_WEAK = YES;
				CLANG_WARN_BLOCK_CAPTURE_AUTORELEASING = YES;
				CLANG_WARN_BOOL_CONVERSION = YES;
				CLANG_WARN_COMMA = YES;
				CLANG_WARN_CONSTANT_CONVERSION = YES;
				CLANG_WARN_DEPRECATED_OBJC_IMPLEMENTATIONS = YES;
				CLANG_WARN_DIRECT_OBJC_ISA_USAGE = YES_ERROR;
				CLANG_WARN_DOCUMENTATION_COMMENTS = YES;
				CLANG_WARN_EMPTY_BODY = YES;
				CLANG_WARN_ENUM_CONVERSION = YES;
				CLANG_WARN_INFINITE_RECURSION = YES;
				CLANG_WARN_INT_CONVERSION = YES;
				CLANG_WARN_NON_LITERAL_NULL_CONVERSION = YES;
				CLANG_WARN_OBJC_IMPLICIT_RETAIN_SELF = YES;
				CLANG_WARN_OBJC_LITERAL_CONVERSION = YES;
				CLANG_WARN_OBJC_ROOT_CLASS = YES_ERROR;
				CLANG_WARN_QUOTED_INCLUDE_IN_FRAMEWORK_HEADER = YES;
				CLANG_WARN_RANGE_LOOP_ANALYSIS = YES;
				CLANG_WARN_STRICT_PROTOTYPES = YES;
				CLANG_WARN_SUSPICIOUS_MOVE = YES;
				CLANG_WARN_UNGUARDED_AVAILABILITY = YES_AGGRESSIVE;
				CLANG_WARN_UNREACHABLE_CODE = YES;
				CLANG_WARN__DUPLICATE_METHOD_MATCH = YES;
				COPY_PHASE_STRIP = NO;
				DEBUG_INFORMATION_FORMAT = "dwarf-with-dsym";
				ENABLE_NS_ASSERTIONS = NO;
				ENABLE_STRICT_OBJC_MSGSEND = YES;
				GCC_C_LANGUAGE_STANDARD = gnu11;
				GCC_NO_COMMON_BLOCKS = YES;
				GCC_WARN_64_TO_32_BIT_CONVERSION = YES;
				GCC_WARN_ABOUT_RETURN_TYPE = YES_ERROR;
				GCC_WARN_UNDECLARED_SELECTOR = YES;
				GCC_WARN_UNINITIALIZED_AUTOS = YES_AGGRESSIVE;
				GCC_WARN_UNUSED_FUNCTION = YES;
				GCC_WARN_UNUSED_VARIABLE = YES;
				MTL_ENABLE_DEBUG_INFO = NO;
				MTL_FAST_MATH = YES;
				SWIFT_COMPILATION_MODE = wholemodule;
				SWIFT_OPTIMIZATION_LEVEL = "-O";
			};
			name = Release;
		};
		4E37FC6B297D5266004CFFFD /* Debug */ = {
			isa = XCBuildConfiguration;
			buildSettings = {
				ASSETCATALOG_COMPILER_APPICON_NAME = AppIcon;
				ASSETCATALOG_COMPILER_GLOBAL_ACCENT_COLOR_NAME = AccentColor;
				CODE_SIGN_ENTITLEMENTS = Task/Task.entitlements;
				CODE_SIGN_STYLE = Automatic;
				CURRENT_PROJECT_VERSION = 1;
				DEVELOPMENT_ASSET_PATHS = "\"Task/Preview Content\"";
				ENABLE_PREVIEWS = YES;
				GENERATE_INFOPLIST_FILE = YES;
				"INFOPLIST_KEY_UIApplicationSceneManifest_Generation[sdk=iphoneos*]" = YES;
				"INFOPLIST_KEY_UIApplicationSceneManifest_Generation[sdk=iphonesimulator*]" = YES;
				"INFOPLIST_KEY_UIApplicationSupportsIndirectInputEvents[sdk=iphoneos*]" = YES;
				"INFOPLIST_KEY_UIApplicationSupportsIndirectInputEvents[sdk=iphonesimulator*]" = YES;
				"INFOPLIST_KEY_UILaunchScreen_Generation[sdk=iphoneos*]" = YES;
				"INFOPLIST_KEY_UILaunchScreen_Generation[sdk=iphonesimulator*]" = YES;
				"INFOPLIST_KEY_UIStatusBarStyle[sdk=iphoneos*]" = UIStatusBarStyleDefault;
				"INFOPLIST_KEY_UIStatusBarStyle[sdk=iphonesimulator*]" = UIStatusBarStyleDefault;
				INFOPLIST_KEY_UISupportedInterfaceOrientations_iPad = "UIInterfaceOrientationPortrait UIInterfaceOrientationPortraitUpsideDown UIInterfaceOrientationLandscapeLeft UIInterfaceOrientationLandscapeRight";
				INFOPLIST_KEY_UISupportedInterfaceOrientations_iPhone = "UIInterfaceOrientationPortrait UIInterfaceOrientationLandscapeLeft UIInterfaceOrientationLandscapeRight";
				IPHONEOS_DEPLOYMENT_TARGET = 16.0;
				LD_RUNPATH_SEARCH_PATHS = "@executable_path/Frameworks";
				"LD_RUNPATH_SEARCH_PATHS[sdk=macosx*]" = "@executable_path/../Frameworks";
				MACOSX_DEPLOYMENT_TARGET = 12.3;
				MARKETING_VERSION = 1.0;
				PRODUCT_BUNDLE_IDENTIFIER = com.hosam.com.Task;
				PRODUCT_NAME = "$(TARGET_NAME)";
				SDKROOT = auto;
				SUPPORTED_PLATFORMS = "iphoneos iphonesimulator macosx";
				SWIFT_EMIT_LOC_STRINGS = YES;
				SWIFT_VERSION = 5.0;
				TARGETED_DEVICE_FAMILY = "1,2";
			};
			name = Debug;
		};
		4E37FC6C297D5266004CFFFD /* Release */ = {
			isa = XCBuildConfiguration;
			buildSettings = {
				ASSETCATALOG_COMPILER_APPICON_NAME = AppIcon;
				ASSETCATALOG_COMPILER_GLOBAL_ACCENT_COLOR_NAME = AccentColor;
				CODE_SIGN_ENTITLEMENTS = Task/Task.entitlements;
				CODE_SIGN_STYLE = Automatic;
				CURRENT_PROJECT_VERSION = 1;
				DEVELOPMENT_ASSET_PATHS = "\"Task/Preview Content\"";
				ENABLE_PREVIEWS = YES;
				GENERATE_INFOPLIST_FILE = YES;
				"INFOPLIST_KEY_UIApplicationSceneManifest_Generation[sdk=iphoneos*]" = YES;
				"INFOPLIST_KEY_UIApplicationSceneManifest_Generation[sdk=iphonesimulator*]" = YES;
				"INFOPLIST_KEY_UIApplicationSupportsIndirectInputEvents[sdk=iphoneos*]" = YES;
				"INFOPLIST_KEY_UIApplicationSupportsIndirectInputEvents[sdk=iphonesimulator*]" = YES;
				"INFOPLIST_KEY_UILaunchScreen_Generation[sdk=iphoneos*]" = YES;
				"INFOPLIST_KEY_UILaunchScreen_Generation[sdk=iphonesimulator*]" = YES;
				"INFOPLIST_KEY_UIStatusBarStyle[sdk=iphoneos*]" = UIStatusBarStyleDefault;
				"INFOPLIST_KEY_UIStatusBarStyle[sdk=iphonesimulator*]" = UIStatusBarStyleDefault;
				INFOPLIST_KEY_UISupportedInterfaceOrientations_iPad = "UIInterfaceOrientationPortrait UIInterfaceOrientationPortraitUpsideDown UIInterfaceOrientationLandscapeLeft UIInterfaceOrientationLandscapeRight";
				INFOPLIST_KEY_UISupportedInterfaceOrientations_iPhone = "UIInterfaceOrientationPortrait UIInterfaceOrientationLandscapeLeft UIInterfaceOrientationLandscapeRight";
				IPHONEOS_DEPLOYMENT_TARGET = 16.0;
				LD_RUNPATH_SEARCH_PATHS = "@executable_path/Frameworks";
				"LD_RUNPATH_SEARCH_PATHS[sdk=macosx*]" = "@executable_path/../Frameworks";
				MACOSX_DEPLOYMENT_TARGET = 12.3;
				MARKETING_VERSION = 1.0;
				PRODUCT_BUNDLE_IDENTIFIER = com.hosam.com.Task;
				PRODUCT_NAME = "$(TARGET_NAME)";
				SDKROOT = auto;
				SUPPORTED_PLATFORMS = "iphoneos iphonesimulator macosx";
				SWIFT_EMIT_LOC_STRINGS = YES;
				SWIFT_VERSION = 5.0;
				TARGETED_DEVICE_FAMILY = "1,2";
			};
			name = Release;
		};
		4E37FC6E297D5266004CFFFD /* Debug */ = {
			isa = XCBuildConfiguration;
			buildSettings = {
				ALWAYS_EMBED_SWIFT_STANDARD_LIBRARIES = YES;
				BUNDLE_LOADER = "$(TEST_HOST)";
				CODE_SIGN_STYLE = Automatic;
				CURRENT_PROJECT_VERSION = 1;
				GENERATE_INFOPLIST_FILE = YES;
				IPHONEOS_DEPLOYMENT_TARGET = 16.0;
				MACOSX_DEPLOYMENT_TARGET = 12.3;
				MARKETING_VERSION = 1.0;
				PRODUCT_BUNDLE_IDENTIFIER = com.hosam.com.TaskTests;
				PRODUCT_NAME = "$(TARGET_NAME)";
				SDKROOT = auto;
				SUPPORTED_PLATFORMS = "iphoneos iphonesimulator macosx";
				SWIFT_EMIT_LOC_STRINGS = NO;
				SWIFT_VERSION = 5.0;
				TARGETED_DEVICE_FAMILY = "1,2";
				TEST_HOST = "$(BUILT_PRODUCTS_DIR)/Task.app/$(BUNDLE_EXECUTABLE_FOLDER_PATH)/Task";
			};
			name = Debug;
		};
		4E37FC6F297D5266004CFFFD /* Release */ = {
			isa = XCBuildConfiguration;
			buildSettings = {
				ALWAYS_EMBED_SWIFT_STANDARD_LIBRARIES = YES;
				BUNDLE_LOADER = "$(TEST_HOST)";
				CODE_SIGN_STYLE = Automatic;
				CURRENT_PROJECT_VERSION = 1;
				GENERATE_INFOPLIST_FILE = YES;
				IPHONEOS_DEPLOYMENT_TARGET = 16.0;
				MACOSX_DEPLOYMENT_TARGET = 12.3;
				MARKETING_VERSION = 1.0;
				PRODUCT_BUNDLE_IDENTIFIER = com.hosam.com.TaskTests;
				PRODUCT_NAME = "$(TARGET_NAME)";
				SDKROOT = auto;
				SUPPORTED_PLATFORMS = "iphoneos iphonesimulator macosx";
				SWIFT_EMIT_LOC_STRINGS = NO;
				SWIFT_VERSION = 5.0;
				TARGETED_DEVICE_FAMILY = "1,2";
				TEST_HOST = "$(BUILT_PRODUCTS_DIR)/Task.app/$(BUNDLE_EXECUTABLE_FOLDER_PATH)/Task";
			};
			name = Release;
		};
		4E37FC71297D5266004CFFFD /* Debug */ = {
			isa = XCBuildConfiguration;
			buildSettings = {
				ALWAYS_EMBED_SWIFT_STANDARD_LIBRARIES = YES;
				CODE_SIGN_STYLE = Automatic;
				CURRENT_PROJECT_VERSION = 1;
				GENERATE_INFOPLIST_FILE = YES;
				IPHONEOS_DEPLOYMENT_TARGET = 16.0;
				MACOSX_DEPLOYMENT_TARGET = 12.3;
				MARKETING_VERSION = 1.0;
				PRODUCT_BUNDLE_IDENTIFIER = com.hosam.com.TaskUITests;
				PRODUCT_NAME = "$(TARGET_NAME)";
				SDKROOT = auto;
				SUPPORTED_PLATFORMS = "iphoneos iphonesimulator macosx";
				SWIFT_EMIT_LOC_STRINGS = NO;
				SWIFT_VERSION = 5.0;
				TARGETED_DEVICE_FAMILY = "1,2";
				TEST_TARGET_NAME = Task;
			};
			name = Debug;
		};
		4E37FC72297D5266004CFFFD /* Release */ = {
			isa = XCBuildConfiguration;
			buildSettings = {
				ALWAYS_EMBED_SWIFT_STANDARD_LIBRARIES = YES;
				CODE_SIGN_STYLE = Automatic;
				CURRENT_PROJECT_VERSION = 1;
				GENERATE_INFOPLIST_FILE = YES;
				IPHONEOS_DEPLOYMENT_TARGET = 16.0;
				MACOSX_DEPLOYMENT_TARGET = 12.3;
				MARKETING_VERSION = 1.0;
				PRODUCT_BUNDLE_IDENTIFIER = com.hosam.com.TaskUITests;
				PRODUCT_NAME = "$(TARGET_NAME)";
				SDKROOT = auto;
				SUPPORTED_PLATFORMS = "iphoneos iphonesimulator macosx";
				SWIFT_EMIT_LOC_STRINGS = NO;
				SWIFT_VERSION = 5.0;
				TARGETED_DEVICE_FAMILY = "1,2";
				TEST_TARGET_NAME = Task;
			};
			name = Release;
		};
/* End XCBuildConfiguration section */

/* Begin XCConfigurationList section */
		4E37FC3B297D5263004CFFFD /* Build configuration list for PBXProject "Task" */ = {
			isa = XCConfigurationList;
			buildConfigurations = (
				4E37FC68297D5266004CFFFD /* Debug */,
				4E37FC69297D5266004CFFFD /* Release */,
			);
			defaultConfigurationIsVisible = 0;
			defaultConfigurationName = Release;
		};
		4E37FC6A297D5266004CFFFD /* Build configuration list for PBXNativeTarget "Task" */ = {
			isa = XCConfigurationList;
			buildConfigurations = (
				4E37FC6B297D5266004CFFFD /* Debug */,
				4E37FC6C297D5266004CFFFD /* Release */,
			);
			defaultConfigurationIsVisible = 0;
			defaultConfigurationName = Release;
		};
		4E37FC6D297D5266004CFFFD /* Build configuration list for PBXNativeTarget "TaskTests" */ = {
			isa = XCConfigurationList;
			buildConfigurations = (
				4E37FC6E297D5266004CFFFD /* Debug */,
				4E37FC6F297D5266004CFFFD /* Release */,
			);
			defaultConfigurationIsVisible = 0;
			defaultConfigurationName = Release;
		};
		4E37FC70297D5266004CFFFD /* Build configuration list for PBXNativeTarget "TaskUITests" */ = {
			isa = XCConfigurationList;
			buildConfigurations = (
				4E37FC71297D5266004CFFFD /* Debug */,
				4E37FC72297D5266004CFFFD /* Release */,
			);
			defaultConfigurationIsVisible = 0;
			defaultConfigurationName = Release;
		};
/* End XCConfigurationList section */

/* Begin XCVersionGroup section */
		4E37FC47297D5263004CFFFD /* Task.xcdatamodeld */ = {
			isa = XCVersionGroup;
			children = (
				4E37FC48297D5263004CFFFD /* Task.xcdatamodel */,
			);
			currentVersion = 4E37FC48297D5263004CFFFD /* Task.xcdatamodel */;
			path = Task.xcdatamodeld;
			sourceTree = "<group>";
			versionGroupType = wrapper.xcdatamodel;
		};
/* End XCVersionGroup section */
	};
	rootObject = 4E37FC38297D5263004CFFFD /* Project object */;
}
